
Microsoft Visual Studio Solution File, Format Version 12.00
# Visual Studio Version 17
VisualStudioVersion = 17.4.33213.308
MinimumVisualStudioVersion = 10.0.40219.1
Project("{9A19103F-16F7-4668-BE54-9A1E7A4F7556}") = "WebApplication1", "WebApplication1\WebApplication1.csproj", "{C1352082-2169-4F3A-9B7A-E001BACC9C59}"
EndProject
Global
	GlobalSection(SolutionConfigurationPlatforms) = preSolution
		Debug|Any CPU = Debug|Any CPU
		Release|Any CPU = Release|Any CPU
	EndGlobalSection
	GlobalSection(ProjectConfigurationPlatforms) = postSolution
		{C1352082-2169-4F3A-9B7A-E001BACC9C59}.Debug|Any CPU.ActiveCfg = Debug|Any CPU
		{C1352082-2169-4F3A-9B7A-E001BACC9C59}.Debug|Any CPU.Build.0 = Debug|Any CPU
		{C1352082-2169-4F3A-9B7A-E001BACC9C59}.Release|Any CPU.ActiveCfg = Release|Any CPU
		{C1352082-2169-4F3A-9B7A-E001BACC9C59}.Release|Any CPU.Build.0 = Release|Any CPU
	EndGlobalSection
	GlobalSection(SolutionProperties) = preSolution
		HideSolutionNode = FALSE
	EndGlobalSection
	GlobalSection(ExtensibilityGlobals) = postSolution
		SolutionGuid = {AAB18432-BFEF-4DBF-A318-66AABE7F16B3}
	EndGlobalSection
EndGlobal
